
Microsoft Visual Studio Solution File, Format Version 12.00
# Visual Studio Version 16
VisualStudioVersion = 16.0.30011.22
MinimumVisualStudioVersion = 10.0.40219.1
Project("{FAE04EC0-301F-11D3-BF4B-00C04F79EFBC}") = "SampleAPI.Core.3.1", "SampleAPI.Core.3.1\SampleAPI.Core.3.1.csproj", "{D51818EB-D953-4205-A0C4-9009BFCEDC83}"
EndProject
Global
	GlobalSection(SolutionConfigurationPlatforms) = preSolution
		Debug|Any CPU = Debug|Any CPU
		Release|Any CPU = Release|Any CPU
	EndGlobalSection
	GlobalSection(ProjectConfigurationPlatforms) = postSolution
		{D51818EB-D953-4205-A0C4-9009BFCEDC83}.Debug|Any CPU.ActiveCfg = Debug|Any CPU
		{D51818EB-D953-4205-A0C4-9009BFCEDC83}.Debug|Any CPU.Build.0 = Debug|Any CPU
		{D51818EB-D953-4205-A0C4-9009BFCEDC83}.Release|Any CPU.ActiveCfg = Release|Any CPU
		{D51818EB-D953-4205-A0C4-9009BFCEDC83}.Release|Any CPU.Build.0 = Release|Any CPU
	EndGlobalSection
	GlobalSection(SolutionProperties) = preSolution
		HideSolutionNode = FALSE
	EndGlobalSection
	GlobalSection(ExtensibilityGlobals) = postSolution
		SolutionGuid = {5161BCEA-B79D-4439-BEC9-FEB40622A83F}
	EndGlobalSection
EndGlobal
